// !$*UTF8*$!
{
	archiveVersion = 1;
	classes = {
	};
	objectVersion = 46;
	objects = {

/* Begin PBXBuildFile section */
		6F7B5A8F14F7B15F00A28A7C /* UIKit.framework in Frameworks */ = {isa = PBXBuildFile; fileRef = 6F7B5A8E14F7B15F00A28A7C /* UIKit.framework */; };
		6F7B5A9114F7B15F00A28A7C /* Foundation.framework in Frameworks */ = {isa = PBXBuildFile; fileRef = 6F7B5A9014F7B15F00A28A7C /* Foundation.framework */; };
		6F7B5A9314F7B15F00A28A7C /* CoreGraphics.framework in Frameworks */ = {isa = PBXBuildFile; fileRef = 6F7B5A9214F7B15F00A28A7C /* CoreGraphics.framework */; };
		6F7B5A9914F7B15F00A28A7C /* InfoPlist.strings in Resources */ = {isa = PBXBuildFile; fileRef = 6F7B5A9714F7B15F00A28A7C /* InfoPlist.strings */; };
		6F7B5A9B14F7B15F00A28A7C /* main.m in Sources */ = {isa = PBXBuildFile; fileRef = 6F7B5A9A14F7B15F00A28A7C /* main.m */; };
		6F7B5A9F14F7B15F00A28A7C /* AppDelegate.m in Sources */ = {isa = PBXBuildFile; fileRef = 6F7B5A9E14F7B15F00A28A7C /* AppDelegate.m */; };
		6F7B5AA214F7B15F00A28A7C /* ViewController.m in Sources */ = {isa = PBXBuildFile; fileRef = 6F7B5AA114F7B15F00A28A7C /* ViewController.m */; };
		6F7B5AA514F7B15F00A28A7C /* ViewController.xib in Resources */ = {isa = PBXBuildFile; fileRef = 6F7B5AA314F7B15F00A28A7C /* ViewController.xib */; };
/* End PBXBuildFile section */

/* Begin PBXFileReference section */
		6F7B5A8A14F7B15F00A28A7C /* EmbeddedYoutubeVideoPatch.app */ = {isa = PBXFileReference; explicitFileType = wrapper.application; includeInIndex = 0; path = EmbeddedYoutubeVideoPatch.app; sourceTree = BUILT_PRODUCTS_DIR; };
		6F7B5A8E14F7B15F00A28A7C /* UIKit.framework */ = {isa = PBXFileReference; lastKnownFileType = wrapper.framework; name = UIKit.framework; path = System/Library/Frameworks/UIKit.framework; sourceTree = SDKROOT; };
		6F7B5A9014F7B15F00A28A7C /* Foundation.framework */ = {isa = PBXFileReference; lastKnownFileType = wrapper.framework; name = Foundation.framework; path = System/Library/Frameworks/Foundation.framework; sourceTree = SDKROOT; };
		6F7B5A9214F7B15F00A28A7C /* CoreGraphics.framework */ = {isa = PBXFileReference; lastKnownFileType = wrapper.framework; name = CoreGraphics.framework; path = System/Library/Frameworks/CoreGraphics.framework; sourceTree = SDKROOT; };
		6F7B5A9614F7B15F00A28A7C /* EmbeddedYoutubeVideoPatch-Info.plist */ = {isa = PBXFileReference; path = "EmbeddedYoutubeVideoPatch-Info.plist"; sourceTree = "<group>"; };
		6F7B5A9814F7B15F00A28A7C /* en */ = {isa = PBXFileReference; lastKnownFileType = text.plist.strings; name = en; path = en.lproj/InfoPlist.strings; sourceTree = "<group>"; };
		6F7B5A9A14F7B15F00A28A7C /* main.m */ = {isa = PBXFileReference; lastKnownFileType = sourcecode.c.objc; path = main.m; sourceTree = "<group>"; };
		6F7B5A9C14F7B15F00A28A7C /* EmbeddedYoutubeVideoPatch-Prefix.pch */ = {isa = PBXFileReference; path = "EmbeddedYoutubeVideoPatch-Prefix.pch"; sourceTree = "<group>"; };
		6F7B5A9D14F7B15F00A28A7C /* AppDelegate.h */ = {isa = PBXFileReference; path = AppDelegate.h; sourceTree = "<group>"; };
		6F7B5A9E14F7B15F00A28A7C /* AppDelegate.m */ = {isa = PBXFileReference; lastKnownFileType = sourcecode.c.objc; path = AppDelegate.m; sourceTree = "<group>"; };
		6F7B5AA014F7B15F00A28A7C /* ViewController.h */ = {isa = PBXFileReference; path = ViewController.h; sourceTree = "<group>"; };
		6F7B5AA114F7B15F00A28A7C /* ViewController.m */ = {isa = PBXFileReference; lastKnownFileType = sourcecode.c.objc; path = ViewController.m; sourceTree = "<group>"; };
		6F7B5AA414F7B15F00A28A7C /* en */ = {isa = PBXFileReference; lastKnownFileType = file.xib; name = en; path = en.lproj/ViewController.xib; sourceTree = "<group>"; };
/* End PBXFileReference section */

/* Begin PBXFrameworksBuildPhase section */
		6F7B5A8714F7B15F00A28A7C /* Frameworks */ = {
			isa = PBXFrameworksBuildPhase;
			buildActionMask = 2147483647;
			files = (
				6F7B5A8F14F7B15F00A28A7C /* UIKit.framework in Frameworks */,
				6F7B5A9114F7B15F00A28A7C /* Foundation.framework in Frameworks */,
				6F7B5A9314F7B15F00A28A7C /* CoreGraphics.framework in Frameworks */,
			);
			runOnlyForDeploymentPostprocessing = 0;
		};
/* End PBXFrameworksBuildPhase section */

/* Begin PBXGroup section */
		6F7B5A7F14F7B15F00A28A7C = {
			isa = PBXGroup;
			children = (
				6F7B5A9414F7B15F00A28A7C /* EmbeddedYoutubeVideoPatch */,
				6F7B5A8D14F7B15F00A28A7C /* Frameworks */,
				6F7B5A8B14F7B15F00A28A7C /* Products */,
			);
			sourceTree = "<group>";
		};
		6F7B5A8B14F7B15F00A28A7C /* Products */ = {
			isa = PBXGroup;
			children = (
				6F7B5A8A14F7B15F00A28A7C /* EmbeddedYoutubeVideoPatch.app */,
			);
			name = Products;
			sourceTree = "<group>";
		};
		6F7B5A8D14F7B15F00A28A7C /* Frameworks */ = {
			isa = PBXGroup;
			children = (
				6F7B5A8E14F7B15F00A28A7C /* UIKit.framework */,
				6F7B5A9014F7B15F00A28A7C /* Foundation.framework */,
				6F7B5A9214F7B15F00A28A7C /* CoreGraphics.framework */,
			);
			name = Frameworks;
			sourceTree = "<group>";
		};
		6F7B5A9414F7B15F00A28A7C /* EmbeddedYoutubeVideoPatch */ = {
			isa = PBXGroup;
			children = (
				6F7B5A9D14F7B15F00A28A7C /* AppDelegate.h */,
				6F7B5A9E14F7B15F00A28A7C /* AppDelegate.m */,
				6F7B5AA014F7B15F00A28A7C /* ViewController.h */,
				6F7B5AA114F7B15F00A28A7C /* ViewController.m */,
				6F7B5AA314F7B15F00A28A7C /* ViewController.xib */,
				6F7B5A9514F7B15F00A28A7C /* Supporting Files */,
			);
			path = EmbeddedYoutubeVideoPatch;
			sourceTree = "<group>";
		};
		6F7B5A9514F7B15F00A28A7C /* Supporting Files */ = {
			isa = PBXGroup;
			children = (
				6F7B5A9614F7B15F00A28A7C /* EmbeddedYoutubeVideoPatch-Info.plist */,
				6F7B5A9714F7B15F00A28A7C /* InfoPlist.strings */,
				6F7B5A9A14F7B15F00A28A7C /* main.m */,
				6F7B5A9C14F7B15F00A28A7C /* EmbeddedYoutubeVideoPatch-Prefix.pch */,
			);
			name = "Supporting Files";
			sourceTree = "<group>";
		};
/* End PBXGroup section */

/* Begin PBXNativeTarget section */
		6F7B5A8914F7B15F00A28A7C /* EmbeddedYoutubeVideoPatch */ = {
			isa = PBXNativeTarget;
			buildConfigurationList = 6F7B5AA814F7B15F00A28A7C /* Build configuration list for PBXNativeTarget "EmbeddedYoutubeVideoPatch" */;
			buildPhases = (
				6F7B5A8614F7B15F00A28A7C /* Sources */,
				6F7B5A8714F7B15F00A28A7C /* Frameworks */,
				6F7B5A8814F7B15F00A28A7C /* Resources */,
			);
			buildRules = (
			);
			dependencies = (
			);
			name = EmbeddedYoutubeVideoPatch;
			productName = EmbeddedYoutubeVideoPatch;
			productReference = 6F7B5A8A14F7B15F00A28A7C /* EmbeddedYoutubeVideoPatch.app */;
			productType = "com.apple.product-type.application";
		};
/* End PBXNativeTarget section */

/* Begin PBXProject section */
		6F7B5A8114F7B15F00A28A7C /* Project object */ = {
			isa = PBXProject;
			attributes = {
				LastUpgradeCheck = 0420;
			};
			buildConfigurationList = 6F7B5A8414F7B15F00A28A7C /* Build configuration list for PBXProject "EmbeddedYoutubeVideoPatch" */;
			compatibilityVersion = "Xcode 3.2";
			developmentRegion = English;
			hasScannedForEncodings = 0;
			knownRegions = (
				en,
			);
			mainGroup = 6F7B5A7F14F7B15F00A28A7C;
			productRefGroup = 6F7B5A8B14F7B15F00A28A7C /* Products */;
			projectDirPath = "";
			projectRoot = "";
			targets = (
				6F7B5A8914F7B15F00A28A7C /* EmbeddedYoutubeVideoPatch */,
			);
		};
/* End PBXProject section */

/* Begin PBXResourcesBuildPhase section */
		6F7B5A8814F7B15F00A28A7C /* Resources */ = {
			isa = PBXResourcesBuildPhase;
			buildActionMask = 2147483647;
			files = (
				6F7B5A9914F7B15F00A28A7C /* InfoPlist.strings in Resources */,
				6F7B5AA514F7B15F00A28A7C /* ViewController.xib in Resources */,
			);
			runOnlyForDeploymentPostprocessing = 0;
		};
/* End PBXResourcesBuildPhase section */

/* Begin PBXSourcesBuildPhase section */
		6F7B5A8614F7B15F00A28A7C /* Sources */ = {
			isa = PBXSourcesBuildPhase;
			buildActionMask = 2147483647;
			files = (
				6F7B5A9B14F7B15F00A28A7C /* main.m in Sources */,
				6F7B5A9F14F7B15F00A28A7C /* AppDelegate.m in Sources */,
				6F7B5AA214F7B15F00A28A7C /* ViewController.m in Sources */,
			);
			runOnlyForDeploymentPostprocessing = 0;
		};
/* End PBXSourcesBuildPhase section */

/* Begin PBXVariantGroup section */
		6F7B5A9714F7B15F00A28A7C /* InfoPlist.strings */ = {
			isa = PBXVariantGroup;
			children = (
				6F7B5A9814F7B15F00A28A7C /* en */,
			);
			name = InfoPlist.strings;
			sourceTree = "<group>";
		};
		6F7B5AA314F7B15F00A28A7C /* ViewController.xib */ = {
			isa = PBXVariantGroup;
			children = (
				6F7B5AA414F7B15F00A28A7C /* en */,
			);
			name = ViewController.xib;
			sourceTree = "<group>";
		};
/* End PBXVariantGroup section */

/* Begin XCBuildConfiguration section */
		6F7B5AA614F7B15F00A28A7C /* Debug */ = {
			isa = XCBuildConfiguration;
			buildSettings = {
				ALWAYS_SEARCH_USER_PATHS = NO;
				ARCHS = "$(ARCHS_STANDARD_32_BIT)";
				CLANG_ENABLE_OBJC_ARC = YES;
				"CODE_SIGN_IDENTITY[sdk=iphoneos*]" = "iPhone Developer";
				COPY_PHASE_STRIP = NO;
				GCC_C_LANGUAGE_STANDARD = gnu99;
				GCC_DYNAMIC_NO_PIC = NO;
				GCC_OPTIMIZATION_LEVEL = 0;
				GCC_PREPROCESSOR_DEFINITIONS = (
					"DEBUG=1",
					"$(inherited)",
				);
				GCC_SYMBOLS_PRIVATE_EXTERN = NO;
				GCC_VERSION = com.apple.compilers.llvm.clang.1_0;
				GCC_WARN_ABOUT_MISSING_PROTOTYPES = YES;
				GCC_WARN_ABOUT_RETURN_TYPE = YES;
				GCC_WARN_UNUSED_VARIABLE = YES;
				IPHONEOS_DEPLOYMENT_TARGET = 5.0;
				SDKROOT = iphoneos;
			};
			name = Debug;
		};
		6F7B5AA714F7B15F00A28A7C /* Release */ = {
			isa = XCBuildConfiguration;
			buildSettings = {
				ALWAYS_SEARCH_USER_PATHS = NO;
				ARCHS = "$(ARCHS_STANDARD_32_BIT)";
				CLANG_ENABLE_OBJC_ARC = YES;
				"CODE_SIGN_IDENTITY[sdk=iphoneos*]" = "iPhone Developer";
				COPY_PHASE_STRIP = YES;
				GCC_C_LANGUAGE_STANDARD = gnu99;
				GCC_VERSION = com.apple.compilers.llvm.clang.1_0;
				GCC_WARN_ABOUT_MISSING_PROTOTYPES = YES;
				GCC_WARN_ABOUT_RETURN_TYPE = YES;
				GCC_WARN_UNUSED_VARIABLE = YES;
				IPHONEOS_DEPLOYMENT_TARGET = 5.0;
				OTHER_CFLAGS = "-DNS_BLOCK_ASSERTIONS=1";
				SDKROOT = iphoneos;
				VALIDATE_PRODUCT = YES;
			};
			name = Release;
		};
		6F7B5AA914F7B15F00A28A7C /* Debug */ = {
			isa = XCBuildConfiguration;
			buildSettings = {
				GCC_PRECOMPILE_PREFIX_HEADER = YES;
				GCC_PREFIX_HEADER = "EmbeddedYoutubeVideoPatch/EmbeddedYoutubeVideoPatch-Prefix.pch";
				INFOPLIST_FILE = "EmbeddedYoutubeVideoPatch/EmbeddedYoutubeVideoPatch-Info.plist";
				PRODUCT_NAME = "$(TARGET_NAME)";
				WRAPPER_EXTENSION = app;
			};
			name = Debug;
		};
		6F7B5AAA14F7B15F00A28A7C /* Release */ = {
			isa = XCBuildConfiguration;
			buildSettings = {
				GCC_PRECOMPILE_PREFIX_HEADER = YES;
				GCC_PREFIX_HEADER = "EmbeddedYoutubeVideoPatch/EmbeddedYoutubeVideoPatch-Prefix.pch";
				INFOPLIST_FILE = "EmbeddedYoutubeVideoPatch/EmbeddedYoutubeVideoPatch-Info.plist";
				PRODUCT_NAME = "$(TARGET_NAME)";
				WRAPPER_EXTENSION = app;
			};
			name = Release;
		};
/* End XCBuildConfiguration section */

/* Begin XCConfigurationList section */
		6F7B5A8414F7B15F00A28A7C /* Build configuration list for PBXProject "EmbeddedYoutubeVideoPatch" */ = {
			isa = XCConfigurationList;
			buildConfigurations = (
				6F7B5AA614F7B15F00A28A7C /* Debug */,
				6F7B5AA714F7B15F00A28A7C /* Release */,
			);
			defaultConfigurationIsVisible = 0;
			defaultConfigurationName = Release;
		};
		6F7B5AA814F7B15F00A28A7C /* Build configuration list for PBXNativeTarget "EmbeddedYoutubeVideoPatch" */ = {
			isa = XCConfigurationList;
			buildConfigurations = (
				6F7B5AA914F7B15F00A28A7C /* Debug */,
				6F7B5AAA14F7B15F00A28A7C /* Release */,
			);
			defaultConfigurationIsVisible = 0;
		};
/* End XCConfigurationList section */
	};
	rootObject = 6F7B5A8114F7B15F00A28A7C /* Project object */;
}
