// !$*UTF8*$!
{
	archiveVersion = 1;
	classes = {
	};
	objectVersion = 46;
	objects = {

/* Begin PBXBuildFile section */
		6F69CDB514C6339C00BB6C57 /* UIKit.framework in Frameworks */ = {isa = PBXBuildFile; fileRef = 6F69CDB414C6339C00BB6C57 /* UIKit.framework */; };
		6F69CDB714C6339C00BB6C57 /* Foundation.framework in Frameworks */ = {isa = PBXBuildFile; fileRef = 6F69CDB614C6339C00BB6C57 /* Foundation.framework */; };
		6F69CDB914C6339C00BB6C57 /* CoreGraphics.framework in Frameworks */ = {isa = PBXBuildFile; fileRef = 6F69CDB814C6339C00BB6C57 /* CoreGraphics.framework */; };
		6F69CDBF14C6339C00BB6C57 /* InfoPlist.strings in Resources */ = {isa = PBXBuildFile; fileRef = 6F69CDBD14C6339C00BB6C57 /* InfoPlist.strings */; };
		6F69CDC114C6339C00BB6C57 /* main.m in Sources */ = {isa = PBXBuildFile; fileRef = 6F69CDC014C6339C00BB6C57 /* main.m */; };
		6F69CDC514C6339C00BB6C57 /* AppDelegate.m in Sources */ = {isa = PBXBuildFile; fileRef = 6F69CDC414C6339C00BB6C57 /* AppDelegate.m */; };
		6F69CDC814C6339C00BB6C57 /* ViewController.m in Sources */ = {isa = PBXBuildFile; fileRef = 6F69CDC714C6339C00BB6C57 /* ViewController.m */; };
		6F69CDCB14C6339C00BB6C57 /* ViewController.xib in Resources */ = {isa = PBXBuildFile; fileRef = 6F69CDC914C6339C00BB6C57 /* ViewController.xib */; };
		6F69CDD514C636E100BB6C57 /* TSMiniWebBrowser.m in Sources */ = {isa = PBXBuildFile; fileRef = 6F69CDD314C636E100BB6C57 /* TSMiniWebBrowser.m */; };
		6F69CE2B14C63D0200BB6C57 /* back_icon.png in Resources */ = {isa = PBXBuildFile; fileRef = 6F69CE2514C63D0200BB6C57 /* back_icon.png */; };
		6F69CE2C14C63D0200BB6C57 /* back_icon@2x.png in Resources */ = {isa = PBXBuildFile; fileRef = 6F69CE2614C63D0200BB6C57 /* back_icon@2x.png */; };
		6F69CE2D14C63D0200BB6C57 /* forward_icon.png in Resources */ = {isa = PBXBuildFile; fileRef = 6F69CE2714C63D0200BB6C57 /* forward_icon.png */; };
		6F69CE2E14C63D0200BB6C57 /* forward_icon@2x.png in Resources */ = {isa = PBXBuildFile; fileRef = 6F69CE2814C63D0200BB6C57 /* forward_icon@2x.png */; };
		6F69CE2F14C63D0200BB6C57 /* reload_icon.png in Resources */ = {isa = PBXBuildFile; fileRef = 6F69CE2914C63D0200BB6C57 /* reload_icon.png */; };
		6F69CE3014C63D0200BB6C57 /* reload_icon@2x.png in Resources */ = {isa = PBXBuildFile; fileRef = 6F69CE2A14C63D0200BB6C57 /* reload_icon@2x.png */; };
		6F69CE4614C6E89300BB6C57 /* icon.png in Resources */ = {isa = PBXBuildFile; fileRef = 6F69CE4514C6E89300BB6C57 /* icon.png */; };
		6F69CE4814C6E89600BB6C57 /* icon@2x.png in Resources */ = {isa = PBXBuildFile; fileRef = 6F69CE4714C6E89600BB6C57 /* icon@2x.png */; };
		6F96DB7614E014620088FAFB /* first.png in Resources */ = {isa = PBXBuildFile; fileRef = 6F96DB7214E014620088FAFB /* first.png */; };
		6F96DB7714E014620088FAFB /* first@2x.png in Resources */ = {isa = PBXBuildFile; fileRef = 6F96DB7314E014620088FAFB /* first@2x.png */; };
		6F96DB7814E014620088FAFB /* second.png in Resources */ = {isa = PBXBuildFile; fileRef = 6F96DB7414E014620088FAFB /* second.png */; };
		6F96DB7914E014620088FAFB /* second@2x.png in Resources */ = {isa = PBXBuildFile; fileRef = 6F96DB7514E014620088FAFB /* second@2x.png */; };
		E2EC79A2161033B2002A923D /* Default-568h@2x.png in Resources */ = {isa = PBXBuildFile; fileRef = E2EC79A1161033B2002A923D /* Default-568h@2x.png */; };
/* End PBXBuildFile section */

/* Begin PBXFileReference section */
		6F69CDB014C6339C00BB6C57 /* TSMiniWebBrowserDemo.app */ = {isa = PBXFileReference; explicitFileType = wrapper.application; includeInIndex = 0; path = TSMiniWebBrowserDemo.app; sourceTree = BUILT_PRODUCTS_DIR; };
		6F69CDB414C6339C00BB6C57 /* UIKit.framework */ = {isa = PBXFileReference; lastKnownFileType = wrapper.framework; name = UIKit.framework; path = System/Library/Frameworks/UIKit.framework; sourceTree = SDKROOT; };
		6F69CDB614C6339C00BB6C57 /* Foundation.framework */ = {isa = PBXFileReference; lastKnownFileType = wrapper.framework; name = Foundation.framework; path = System/Library/Frameworks/Foundation.framework; sourceTree = SDKROOT; };
		6F69CDB814C6339C00BB6C57 /* CoreGraphics.framework */ = {isa = PBXFileReference; lastKnownFileType = wrapper.framework; name = CoreGraphics.framework; path = System/Library/Frameworks/CoreGraphics.framework; sourceTree = SDKROOT; };
		6F69CDBC14C6339C00BB6C57 /* TSMiniWebBrowserDemo-Info.plist */ = {isa = PBXFileReference; lastKnownFileType = text.plist.xml; path = "TSMiniWebBrowserDemo-Info.plist"; sourceTree = "<group>"; };
		6F69CDBE14C6339C00BB6C57 /* en */ = {isa = PBXFileReference; lastKnownFileType = text.plist.strings; name = en; path = en.lproj/InfoPlist.strings; sourceTree = "<group>"; };
		6F69CDC014C6339C00BB6C57 /* main.m */ = {isa = PBXFileReference; lastKnownFileType = sourcecode.c.objc; path = main.m; sourceTree = "<group>"; };
		6F69CDC214C6339C00BB6C57 /* TSMiniWebBrowserDemo-Prefix.pch */ = {isa = PBXFileReference; lastKnownFileType = sourcecode.c.h; path = "TSMiniWebBrowserDemo-Prefix.pch"; sourceTree = "<group>"; };
		6F69CDC314C6339C00BB6C57 /* AppDelegate.h */ = {isa = PBXFileReference; lastKnownFileType = sourcecode.c.h; path = AppDelegate.h; sourceTree = "<group>"; };
		6F69CDC414C6339C00BB6C57 /* AppDelegate.m */ = {isa = PBXFileReference; lastKnownFileType = sourcecode.c.objc; path = AppDelegate.m; sourceTree = "<group>"; };
		6F69CDC614C6339C00BB6C57 /* ViewController.h */ = {isa = PBXFileReference; lastKnownFileType = sourcecode.c.h; path = ViewController.h; sourceTree = "<group>"; };
		6F69CDC714C6339C00BB6C57 /* ViewController.m */ = {isa = PBXFileReference; lastKnownFileType = sourcecode.c.objc; path = ViewController.m; sourceTree = "<group>"; };
		6F69CDCA14C6339C00BB6C57 /* en */ = {isa = PBXFileReference; lastKnownFileType = file.xib; name = en; path = en.lproj/ViewController.xib; sourceTree = "<group>"; };
		6F69CDD214C636E100BB6C57 /* TSMiniWebBrowser.h */ = {isa = PBXFileReference; fileEncoding = 4; lastKnownFileType = sourcecode.c.h; path = TSMiniWebBrowser.h; sourceTree = "<group>"; };
		6F69CDD314C636E100BB6C57 /* TSMiniWebBrowser.m */ = {isa = PBXFileReference; fileEncoding = 4; lastKnownFileType = sourcecode.c.objc; path = TSMiniWebBrowser.m; sourceTree = "<group>"; };
		6F69CE2514C63D0200BB6C57 /* back_icon.png */ = {isa = PBXFileReference; lastKnownFileType = image.png; path = back_icon.png; sourceTree = "<group>"; };
		6F69CE2614C63D0200BB6C57 /* back_icon@2x.png */ = {isa = PBXFileReference; lastKnownFileType = image.png; path = "back_icon@2x.png"; sourceTree = "<group>"; };
		6F69CE2714C63D0200BB6C57 /* forward_icon.png */ = {isa = PBXFileReference; lastKnownFileType = image.png; path = forward_icon.png; sourceTree = "<group>"; };
		6F69CE2814C63D0200BB6C57 /* forward_icon@2x.png */ = {isa = PBXFileReference; lastKnownFileType = image.png; path = "forward_icon@2x.png"; sourceTree = "<group>"; };
		6F69CE2914C63D0200BB6C57 /* reload_icon.png */ = {isa = PBXFileReference; lastKnownFileType = image.png; path = reload_icon.png; sourceTree = "<group>"; };
		6F69CE2A14C63D0200BB6C57 /* reload_icon@2x.png */ = {isa = PBXFileReference; lastKnownFileType = image.png; path = "reload_icon@2x.png"; sourceTree = "<group>"; };
		6F69CE4514C6E89300BB6C57 /* icon.png */ = {isa = PBXFileReference; lastKnownFileType = image.png; path = icon.png; sourceTree = "<group>"; };
		6F69CE4714C6E89600BB6C57 /* icon@2x.png */ = {isa = PBXFileReference; lastKnownFileType = image.png; path = "icon@2x.png"; sourceTree = "<group>"; };
		6F96DB7214E014620088FAFB /* first.png */ = {isa = PBXFileReference; lastKnownFileType = image.png; path = first.png; sourceTree = "<group>"; };
		6F96DB7314E014620088FAFB /* first@2x.png */ = {isa = PBXFileReference; lastKnownFileType = image.png; path = "first@2x.png"; sourceTree = "<group>"; };
		6F96DB7414E014620088FAFB /* second.png */ = {isa = PBXFileReference; lastKnownFileType = image.png; path = second.png; sourceTree = "<group>"; };
		6F96DB7514E014620088FAFB /* second@2x.png */ = {isa = PBXFileReference; lastKnownFileType = image.png; path = "second@2x.png"; sourceTree = "<group>"; };
		E2EC79A1161033B2002A923D /* Default-568h@2x.png */ = {isa = PBXFileReference; lastKnownFileType = image.png; path = "Default-568h@2x.png"; sourceTree = "<group>"; };
/* End PBXFileReference section */

/* Begin PBXFrameworksBuildPhase section */
		6F69CDAD14C6339C00BB6C57 /* Frameworks */ = {
			isa = PBXFrameworksBuildPhase;
			buildActionMask = 2147483647;
			files = (
				6F69CDB514C6339C00BB6C57 /* UIKit.framework in Frameworks */,
				6F69CDB714C6339C00BB6C57 /* Foundation.framework in Frameworks */,
				6F69CDB914C6339C00BB6C57 /* CoreGraphics.framework in Frameworks */,
			);
			runOnlyForDeploymentPostprocessing = 0;
		};
/* End PBXFrameworksBuildPhase section */

/* Begin PBXGroup section */
		6F69CDA514C6339C00BB6C57 = {
			isa = PBXGroup;
			children = (
				E2EC79A1161033B2002A923D /* Default-568h@2x.png */,
				6F69CE4714C6E89600BB6C57 /* icon@2x.png */,
				6F69CE4514C6E89300BB6C57 /* icon.png */,
				6F69CDD114C636D700BB6C57 /* TSMiniWebBrowser */,
				6F69CDBA14C6339C00BB6C57 /* TSMiniWebBrowserDemo */,
				6F69CDB314C6339C00BB6C57 /* Frameworks */,
				6F69CDB114C6339C00BB6C57 /* Products */,
			);
			sourceTree = "<group>";
		};
		6F69CDB114C6339C00BB6C57 /* Products */ = {
			isa = PBXGroup;
			children = (
				6F69CDB014C6339C00BB6C57 /* TSMiniWebBrowserDemo.app */,
			);
			name = Products;
			sourceTree = "<group>";
		};
		6F69CDB314C6339C00BB6C57 /* Frameworks */ = {
			isa = PBXGroup;
			children = (
				6F69CDB414C6339C00BB6C57 /* UIKit.framework */,
				6F69CDB614C6339C00BB6C57 /* Foundation.framework */,
				6F69CDB814C6339C00BB6C57 /* CoreGraphics.framework */,
			);
			name = Frameworks;
			sourceTree = "<group>";
		};
		6F69CDBA14C6339C00BB6C57 /* TSMiniWebBrowserDemo */ = {
			isa = PBXGroup;
			children = (
				6F96DB7114E014620088FAFB /* images */,
				6F69CDC314C6339C00BB6C57 /* AppDelegate.h */,
				6F69CDC414C6339C00BB6C57 /* AppDelegate.m */,
				6F69CDC614C6339C00BB6C57 /* ViewController.h */,
				6F69CDC714C6339C00BB6C57 /* ViewController.m */,
				6F69CDC914C6339C00BB6C57 /* ViewController.xib */,
				6F69CDBB14C6339C00BB6C57 /* Supporting Files */,
			);
			path = TSMiniWebBrowserDemo;
			sourceTree = "<group>";
		};
		6F69CDBB14C6339C00BB6C57 /* Supporting Files */ = {
			isa = PBXGroup;
			children = (
				6F69CDBC14C6339C00BB6C57 /* TSMiniWebBrowserDemo-Info.plist */,
				6F69CDBD14C6339C00BB6C57 /* InfoPlist.strings */,
				6F69CDC014C6339C00BB6C57 /* main.m */,
				6F69CDC214C6339C00BB6C57 /* TSMiniWebBrowserDemo-Prefix.pch */,
			);
			name = "Supporting Files";
			sourceTree = "<group>";
		};
		6F69CDD114C636D700BB6C57 /* TSMiniWebBrowser */ = {
			isa = PBXGroup;
			children = (
				6F69CE2414C63D0200BB6C57 /* images */,
				6F69CDD214C636E100BB6C57 /* TSMiniWebBrowser.h */,
				6F69CDD314C636E100BB6C57 /* TSMiniWebBrowser.m */,
			);
			path = TSMiniWebBrowser;
			sourceTree = "<group>";
		};
		6F69CE2414C63D0200BB6C57 /* images */ = {
			isa = PBXGroup;
			children = (
				6F69CE2514C63D0200BB6C57 /* back_icon.png */,
				6F69CE2614C63D0200BB6C57 /* back_icon@2x.png */,
				6F69CE2714C63D0200BB6C57 /* forward_icon.png */,
				6F69CE2814C63D0200BB6C57 /* forward_icon@2x.png */,
				6F69CE2914C63D0200BB6C57 /* reload_icon.png */,
				6F69CE2A14C63D0200BB6C57 /* reload_icon@2x.png */,
			);
			path = images;
			sourceTree = "<group>";
		};
		6F96DB7114E014620088FAFB /* images */ = {
			isa = PBXGroup;
			children = (
				6F96DB7214E014620088FAFB /* first.png */,
				6F96DB7314E014620088FAFB /* first@2x.png */,
				6F96DB7414E014620088FAFB /* second.png */,
				6F96DB7514E014620088FAFB /* second@2x.png */,
			);
			path = images;
			sourceTree = "<group>";
		};
/* End PBXGroup section */

/* Begin PBXNativeTarget section */
		6F69CDAF14C6339C00BB6C57 /* TSMiniWebBrowserDemo */ = {
			isa = PBXNativeTarget;
			buildConfigurationList = 6F69CDCE14C6339C00BB6C57 /* Build configuration list for PBXNativeTarget "TSMiniWebBrowserDemo" */;
			buildPhases = (
				6F69CDAC14C6339C00BB6C57 /* Sources */,
				6F69CDAD14C6339C00BB6C57 /* Frameworks */,
				6F69CDAE14C6339C00BB6C57 /* Resources */,
			);
			buildRules = (
			);
			dependencies = (
			);
			name = TSMiniWebBrowserDemo;
			productName = TSMiniWebBrowserDemo;
			productReference = 6F69CDB014C6339C00BB6C57 /* TSMiniWebBrowserDemo.app */;
			productType = "com.apple.product-type.application";
		};
/* End PBXNativeTarget section */

/* Begin PBXProject section */
		6F69CDA714C6339C00BB6C57 /* Project object */ = {
			isa = PBXProject;
			attributes = {
				LastUpgradeCheck = 0420;
			};
			buildConfigurationList = 6F69CDAA14C6339C00BB6C57 /* Build configuration list for PBXProject "TSMiniWebBrowserDemo" */;
			compatibilityVersion = "Xcode 3.2";
			developmentRegion = English;
			hasScannedForEncodings = 0;
			knownRegions = (
				en,
			);
			mainGroup = 6F69CDA514C6339C00BB6C57;
			productRefGroup = 6F69CDB114C6339C00BB6C57 /* Products */;
			projectDirPath = "";
			projectRoot = "";
			targets = (
				6F69CDAF14C6339C00BB6C57 /* TSMiniWebBrowserDemo */,
			);
		};
/* End PBXProject section */

/* Begin PBXResourcesBuildPhase section */
		6F69CDAE14C6339C00BB6C57 /* Resources */ = {
			isa = PBXResourcesBuildPhase;
			buildActionMask = 2147483647;
			files = (
				6F69CDBF14C6339C00BB6C57 /* InfoPlist.strings in Resources */,
				6F69CDCB14C6339C00BB6C57 /* ViewController.xib in Resources */,
				6F69CE2B14C63D0200BB6C57 /* back_icon.png in Resources */,
				6F69CE2C14C63D0200BB6C57 /* back_icon@2x.png in Resources */,
				6F69CE2D14C63D0200BB6C57 /* forward_icon.png in Resources */,
				6F69CE2E14C63D0200BB6C57 /* forward_icon@2x.png in Resources */,
				6F69CE2F14C63D0200BB6C57 /* reload_icon.png in Resources */,
				6F69CE3014C63D0200BB6C57 /* reload_icon@2x.png in Resources */,
				6F69CE4614C6E89300BB6C57 /* icon.png in Resources */,
				6F69CE4814C6E89600BB6C57 /* icon@2x.png in Resources */,
				6F96DB7614E014620088FAFB /* first.png in Resources */,
				6F96DB7714E014620088FAFB /* first@2x.png in Resources */,
				6F96DB7814E014620088FAFB /* second.png in Resources */,
				6F96DB7914E014620088FAFB /* second@2x.png in Resources */,
				E2EC79A2161033B2002A923D /* Default-568h@2x.png in Resources */,
			);
			runOnlyForDeploymentPostprocessing = 0;
		};
/* End PBXResourcesBuildPhase section */

/* Begin PBXSourcesBuildPhase section */
		6F69CDAC14C6339C00BB6C57 /* Sources */ = {
			isa = PBXSourcesBuildPhase;
			buildActionMask = 2147483647;
			files = (
				6F69CDC114C6339C00BB6C57 /* main.m in Sources */,
				6F69CDC514C6339C00BB6C57 /* AppDelegate.m in Sources */,
				6F69CDC814C6339C00BB6C57 /* ViewController.m in Sources */,
				6F69CDD514C636E100BB6C57 /* TSMiniWebBrowser.m in Sources */,
			);
			runOnlyForDeploymentPostprocessing = 0;
		};
/* End PBXSourcesBuildPhase section */

/* Begin PBXVariantGroup section */
		6F69CDBD14C6339C00BB6C57 /* InfoPlist.strings */ = {
			isa = PBXVariantGroup;
			children = (
				6F69CDBE14C6339C00BB6C57 /* en */,
			);
			name = InfoPlist.strings;
			sourceTree = "<group>";
		};
		6F69CDC914C6339C00BB6C57 /* ViewController.xib */ = {
			isa = PBXVariantGroup;
			children = (
				6F69CDCA14C6339C00BB6C57 /* en */,
			);
			name = ViewController.xib;
			sourceTree = "<group>";
		};
/* End PBXVariantGroup section */

/* Begin XCBuildConfiguration section */
		6F69CDCC14C6339C00BB6C57 /* Debug */ = {
			isa = XCBuildConfiguration;
			buildSettings = {
				ALWAYS_SEARCH_USER_PATHS = NO;
				ARCHS = "$(ARCHS_STANDARD_32_BIT)";
				CLANG_ENABLE_OBJC_ARC = YES;
				"CODE_SIGN_IDENTITY[sdk=iphoneos*]" = "iPhone Developer";
				COPY_PHASE_STRIP = NO;
				GCC_C_LANGUAGE_STANDARD = gnu99;
				GCC_DYNAMIC_NO_PIC = NO;
				GCC_OPTIMIZATION_LEVEL = 0;
				GCC_PREPROCESSOR_DEFINITIONS = (
					"DEBUG=1",
					"$(inherited)",
				);
				GCC_SYMBOLS_PRIVATE_EXTERN = NO;
				GCC_VERSION = com.apple.compilers.llvm.clang.1_0;
				GCC_WARN_ABOUT_MISSING_PROTOTYPES = YES;
				GCC_WARN_ABOUT_RETURN_TYPE = YES;
				GCC_WARN_UNUSED_VARIABLE = YES;
				IPHONEOS_DEPLOYMENT_TARGET = 4.3;
				SDKROOT = iphoneos;
			};
			name = Debug;
		};
		6F69CDCD14C6339C00BB6C57 /* Release */ = {
			isa = XCBuildConfiguration;
			buildSettings = {
				ALWAYS_SEARCH_USER_PATHS = NO;
				ARCHS = "$(ARCHS_STANDARD_32_BIT)";
				CLANG_ENABLE_OBJC_ARC = YES;
				"CODE_SIGN_IDENTITY[sdk=iphoneos*]" = "iPhone Developer";
				COPY_PHASE_STRIP = YES;
				GCC_C_LANGUAGE_STANDARD = gnu99;
				GCC_VERSION = com.apple.compilers.llvm.clang.1_0;
				GCC_WARN_ABOUT_MISSING_PROTOTYPES = YES;
				GCC_WARN_ABOUT_RETURN_TYPE = YES;
				GCC_WARN_UNUSED_VARIABLE = YES;
				IPHONEOS_DEPLOYMENT_TARGET = 4.3;
				OTHER_CFLAGS = "-DNS_BLOCK_ASSERTIONS=1";
				SDKROOT = iphoneos;
				VALIDATE_PRODUCT = YES;
			};
			name = Release;
		};
		6F69CDCF14C6339C00BB6C57 /* Debug */ = {
			isa = XCBuildConfiguration;
			buildSettings = {
				GCC_PRECOMPILE_PREFIX_HEADER = YES;
				GCC_PREFIX_HEADER = "TSMiniWebBrowserDemo/TSMiniWebBrowserDemo-Prefix.pch";
				INFOPLIST_FILE = "TSMiniWebBrowserDemo/TSMiniWebBrowserDemo-Info.plist";
				IPHONEOS_DEPLOYMENT_TARGET = 4.3;
				PRODUCT_NAME = "$(TARGET_NAME)";
				WRAPPER_EXTENSION = app;
			};
			name = Debug;
		};
		6F69CDD014C6339C00BB6C57 /* Release */ = {
			isa = XCBuildConfiguration;
			buildSettings = {
				GCC_PRECOMPILE_PREFIX_HEADER = YES;
				GCC_PREFIX_HEADER = "TSMiniWebBrowserDemo/TSMiniWebBrowserDemo-Prefix.pch";
				INFOPLIST_FILE = "TSMiniWebBrowserDemo/TSMiniWebBrowserDemo-Info.plist";
				IPHONEOS_DEPLOYMENT_TARGET = 4.3;
				PRODUCT_NAME = "$(TARGET_NAME)";
				WRAPPER_EXTENSION = app;
			};
			name = Release;
		};
/* End XCBuildConfiguration section */

/* Begin XCConfigurationList section */
		6F69CDAA14C6339C00BB6C57 /* Build configuration list for PBXProject "TSMiniWebBrowserDemo" */ = {
			isa = XCConfigurationList;
			buildConfigurations = (
				6F69CDCC14C6339C00BB6C57 /* Debug */,
				6F69CDCD14C6339C00BB6C57 /* Release */,
			);
			defaultConfigurationIsVisible = 0;
			defaultConfigurationName = Release;
		};
		6F69CDCE14C6339C00BB6C57 /* Build configuration list for PBXNativeTarget "TSMiniWebBrowserDemo" */ = {
			isa = XCConfigurationList;
			buildConfigurations = (
				6F69CDCF14C6339C00BB6C57 /* Debug */,
				6F69CDD014C6339C00BB6C57 /* Release */,
			);
			defaultConfigurationIsVisible = 0;
			defaultConfigurationName = Release;
		};
/* End XCConfigurationList section */
	};
	rootObject = 6F69CDA714C6339C00BB6C57 /* Project object */;
}
